{
  "requires": true,
  "lockfileVersion": 1,
  "dependencies": {
    "react-native-tags": {
      "version": "2.2.0",
      "resolved": "https://registry.npmjs.org/react-native-tags/-/react-native-tags-2.2.0.tgz",
      "integrity": "sha512-y0Xd6ZkJH5ttfHK3P210ugPDW7vLg2H1E5KN8NqQ/crI0gL7naMftHHbN/gozRjoxQy8AJOh3/mDqKOOymX/KQ=="
    }
  }
}
